
Microsoft Visual Studio Solution File, Format Version 12.00
# Visual Studio 2013
VisualStudioVersion = 12.0.40629.0
MinimumVisualStudioVersion = 10.0.40219.1
Project("{8BC9CEB8-8B4A-11D0-8D11-00A0C91BC942}") = "找只出现一次的数字", "找只出现一次的数字\找只出现一次的数字.vcxproj", "{93CF3596-EE8D-4136-B1D0-E2BC199602AE}"
EndProject
Global
	GlobalSection(SolutionConfigurationPlatforms) = preSolution
		Debug|Win32 = Debug|Win32
		Release|Win32 = Release|Win32
	EndGlobalSection
	GlobalSection(ProjectConfigurationPlatforms) = postSolution
		{93CF3596-EE8D-4136-B1D0-E2BC199602AE}.Debug|Win32.ActiveCfg = Debug|Win32
		{93CF3596-EE8D-4136-B1D0-E2BC199602AE}.Debug|Win32.Build.0 = Debug|Win32
		{93CF3596-EE8D-4136-B1D0-E2BC199602AE}.Release|Win32.ActiveCfg = Release|Win32
		{93CF3596-EE8D-4136-B1D0-E2BC199602AE}.Release|Win32.Build.0 = Release|Win32
	EndGlobalSection
	GlobalSection(SolutionProperties) = preSolution
		HideSolutionNode = FALSE
	EndGlobalSection
EndGlobal
