
Microsoft Visual Studio Solution File, Format Version 12.00
# Visual Studio 2013
VisualStudioVersion = 12.0.40629.0
MinimumVisualStudioVersion = 10.0.40219.1
Project("{8BC9CEB8-8B4A-11D0-8D11-00A0C91BC942}") = "递归和非递归分别实现strlen", "递归和非递归分别实现strlen\递归和非递归分别实现strlen.vcxproj", "{3C294115-B196-4F82-8458-A799CE0C347F}"
EndProject
Global
	GlobalSection(SolutionConfigurationPlatforms) = preSolution
		Debug|Win32 = Debug|Win32
		Release|Win32 = Release|Win32
	EndGlobalSection
	GlobalSection(ProjectConfigurationPlatforms) = postSolution
		{3C294115-B196-4F82-8458-A799CE0C347F}.Debug|Win32.ActiveCfg = Debug|Win32
		{3C294115-B196-4F82-8458-A799CE0C347F}.Debug|Win32.Build.0 = Debug|Win32
		{3C294115-B196-4F82-8458-A799CE0C347F}.Release|Win32.ActiveCfg = Release|Win32
		{3C294115-B196-4F82-8458-A799CE0C347F}.Release|Win32.Build.0 = Release|Win32
	EndGlobalSection
	GlobalSection(SolutionProperties) = preSolution
		HideSolutionNode = FALSE
	EndGlobalSection
EndGlobal
