
Microsoft Visual Studio Solution File, Format Version 12.00
# Visual Studio 2013
VisualStudioVersion = 12.0.40629.0
MinimumVisualStudioVersion = 10.0.40219.1
Project("{8BC9CEB8-8B4A-11D0-8D11-00A0C91BC942}") = "现在请根据这些信息，写一个程序来确定到底谁是凶手", "现在请根据这些信息，写一个程序来确定到底谁是凶手\现在请根据这些信息，写一个程序来确定到底谁是凶手.vcxproj", "{88D51AF9-16D0-420D-AA84-42169FF77BCE}"
EndProject
Global
	GlobalSection(SolutionConfigurationPlatforms) = preSolution
		Debug|Win32 = Debug|Win32
		Release|Win32 = Release|Win32
	EndGlobalSection
	GlobalSection(ProjectConfigurationPlatforms) = postSolution
		{88D51AF9-16D0-420D-AA84-42169FF77BCE}.Debug|Win32.ActiveCfg = Debug|Win32
		{88D51AF9-16D0-420D-AA84-42169FF77BCE}.Debug|Win32.Build.0 = Debug|Win32
		{88D51AF9-16D0-420D-AA84-42169FF77BCE}.Release|Win32.ActiveCfg = Release|Win32
		{88D51AF9-16D0-420D-AA84-42169FF77BCE}.Release|Win32.Build.0 = Release|Win32
	EndGlobalSection
	GlobalSection(SolutionProperties) = preSolution
		HideSolutionNode = FALSE
	EndGlobalSection
EndGlobal
